// !$*UTF8*$!
{
	archiveVersion = 1;
	classes = {
	};
	objectVersion = 50;
	objects = {

/* Begin PBXBuildFile section */
		0814A6E525C71ED500560267 /* AppDelegate.swift in Sources */ = {isa = PBXBuildFile; fileRef = 0814A6E425C71ED500560267 /* AppDelegate.swift */; };
		0814A6E725C71ED500560267 /* SceneDelegate.swift in Sources */ = {isa = PBXBuildFile; fileRef = 0814A6E625C71ED500560267 /* SceneDelegate.swift */; };
		0814A6E925C71ED500560267 /* ContentView.swift in Sources */ = {isa = PBXBuildFile; fileRef = 0814A6E825C71ED500560267 /* ContentView.swift */; };
		0814A6EB25C71ED900560267 /* Assets.xcassets in Resources */ = {isa = PBXBuildFile; fileRef = 0814A6EA25C71ED900560267 /* Assets.xcassets */; };
		0814A6EE25C71ED900560267 /* Preview Assets.xcassets in Resources */ = {isa = PBXBuildFile; fileRef = 0814A6ED25C71ED900560267 /* Preview Assets.xcassets */; };
		0814A6F125C71ED900560267 /* LaunchScreen.storyboard in Resources */ = {isa = PBXBuildFile; fileRef = 0814A6EF25C71ED900560267 /* LaunchScreen.storyboard */; };
		0814A6FE25C720D200560267 /* Localizable.strings in Resources */ = {isa = PBXBuildFile; fileRef = 0814A70025C720D200560267 /* Localizable.strings */; };
		0814A70825C7218800560267 /* Language.swift in Sources */ = {isa = PBXBuildFile; fileRef = 0814A70725C7218800560267 /* Language.swift */; };
/* End PBXBuildFile section */

/* Begin PBXFileReference section */
		0814A6E125C71ED500560267 /* LocalizationTask2.app */ = {isa = PBXFileReference; explicitFileType = wrapper.application; includeInIndex = 0; path = LocalizationTask2.app; sourceTree = BUILT_PRODUCTS_DIR; };
		0814A6E425C71ED500560267 /* AppDelegate.swift */ = {isa = PBXFileReference; lastKnownFileType = sourcecode.swift; path = AppDelegate.swift; sourceTree = "<group>"; };
		0814A6E625C71ED500560267 /* SceneDelegate.swift */ = {isa = PBXFileReference; lastKnownFileType = sourcecode.swift; path = SceneDelegate.swift; sourceTree = "<group>"; };
		0814A6E825C71ED500560267 /* ContentView.swift */ = {isa = PBXFileReference; lastKnownFileType = sourcecode.swift; path = ContentView.swift; sourceTree = "<group>"; };
		0814A6EA25C71ED900560267 /* Assets.xcassets */ = {isa = PBXFileReference; lastKnownFileType = folder.assetcatalog; path = Assets.xcassets; sourceTree = "<group>"; };
		0814A6ED25C71ED900560267 /* Preview Assets.xcassets */ = {isa = PBXFileReference; lastKnownFileType = folder.assetcatalog; path = "Preview Assets.xcassets"; sourceTree = "<group>"; };
		0814A6F025C71ED900560267 /* Base */ = {isa = PBXFileReference; lastKnownFileType = file.storyboard; name = Base; path = Base.lproj/LaunchScreen.storyboard; sourceTree = "<group>"; };
		0814A6F225C71ED900560267 /* Info.plist */ = {isa = PBXFileReference; lastKnownFileType = text.plist.xml; path = Info.plist; sourceTree = "<group>"; };
		0814A6FF25C720D200560267 /* en */ = {isa = PBXFileReference; lastKnownFileType = text.plist.strings; name = en; path = en.lproj/Localizable.strings; sourceTree = "<group>"; };
		0814A70225C720F700560267 /* ko */ = {isa = PBXFileReference; lastKnownFileType = text.plist.strings; name = ko; path = ko.lproj/LaunchScreen.strings; sourceTree = "<group>"; };
		0814A70325C720F700560267 /* ko */ = {isa = PBXFileReference; lastKnownFileType = text.plist.strings; name = ko; path = ko.lproj/Localizable.strings; sourceTree = "<group>"; };
		0814A70525C7212000560267 /* zh */ = {isa = PBXFileReference; lastKnownFileType = text.plist.strings; name = zh; path = zh.lproj/LaunchScreen.strings; sourceTree = "<group>"; };
		0814A70625C7212000560267 /* zh */ = {isa = PBXFileReference; lastKnownFileType = text.plist.strings; name = zh; path = zh.lproj/Localizable.strings; sourceTree = "<group>"; };
		0814A70725C7218800560267 /* Language.swift */ = {isa = PBXFileReference; lastKnownFileType = sourcecode.swift; path = Language.swift; sourceTree = "<group>"; };
/* End PBXFileReference section */

/* Begin PBXFrameworksBuildPhase section */
		0814A6DE25C71ED500560267 /* Frameworks */ = {
			isa = PBXFrameworksBuildPhase;
			buildActionMask = 2147483647;
			files = (
			);
			runOnlyForDeploymentPostprocessing = 0;
		};
/* End PBXFrameworksBuildPhase section */

/* Begin PBXGroup section */
		0814A6D825C71ED500560267 = {
			isa = PBXGroup;
			children = (
				0814A6E325C71ED500560267 /* LocalizationTask2 */,
				0814A6E225C71ED500560267 /* Products */,
			);
			sourceTree = "<group>";
		};
		0814A6E225C71ED500560267 /* Products */ = {
			isa = PBXGroup;
			children = (
				0814A6E125C71ED500560267 /* LocalizationTask2.app */,
			);
			name = Products;
			sourceTree = "<group>";
		};
		0814A6E325C71ED500560267 /* LocalizationTask2 */ = {
			isa = PBXGroup;
			children = (
				0814A6F925C7208A00560267 /* apputils */,
				0814A6E425C71ED500560267 /* AppDelegate.swift */,
				0814A6E625C71ED500560267 /* SceneDelegate.swift */,
				0814A6E825C71ED500560267 /* ContentView.swift */,
				0814A6F225C71ED900560267 /* Info.plist */,
				0814A6EC25C71ED900560267 /* Preview Content */,
				0814A70025C720D200560267 /* Localizable.strings */,
			);
			path = LocalizationTask2;
			sourceTree = "<group>";
		};
		0814A6EC25C71ED900560267 /* Preview Content */ = {
			isa = PBXGroup;
			children = (
				0814A6ED25C71ED900560267 /* Preview Assets.xcassets */,
			);
			path = "Preview Content";
			sourceTree = "<group>";
		};
		0814A6F925C7208A00560267 /* apputils */ = {
			isa = PBXGroup;
			children = (
				0814A6EA25C71ED900560267 /* Assets.xcassets */,
				0814A6EF25C71ED900560267 /* LaunchScreen.storyboard */,
				0814A70725C7218800560267 /* Language.swift */,
			);
			path = apputils;
			sourceTree = "<group>";
		};
/* End PBXGroup section */

/* Begin PBXNativeTarget section */
		0814A6E025C71ED500560267 /* LocalizationTask2 */ = {
			isa = PBXNativeTarget;
			buildConfigurationList = 0814A6F525C71ED900560267 /* Build configuration list for PBXNativeTarget "LocalizationTask2" */;
			buildPhases = (
				0814A6DD25C71ED500560267 /* Sources */,
				0814A6DE25C71ED500560267 /* Frameworks */,
				0814A6DF25C71ED500560267 /* Resources */,
			);
			buildRules = (
			);
			dependencies = (
			);
			name = LocalizationTask2;
			productName = LocalizationTask2;
			productReference = 0814A6E125C71ED500560267 /* LocalizationTask2.app */;
			productType = "com.apple.product-type.application";
		};
/* End PBXNativeTarget section */

/* Begin PBXProject section */
		0814A6D925C71ED500560267 /* Project object */ = {
			isa = PBXProject;
			attributes = {
				LastSwiftUpdateCheck = 1230;
				LastUpgradeCheck = 1230;
				TargetAttributes = {
					0814A6E025C71ED500560267 = {
						CreatedOnToolsVersion = 12.3;
					};
				};
			};
			buildConfigurationList = 0814A6DC25C71ED500560267 /* Build configuration list for PBXProject "LocalizationTask2" */;
			compatibilityVersion = "Xcode 9.3";
			developmentRegion = en;
			hasScannedForEncodings = 0;
			knownRegions = (
				en,
				Base,
				ko,
				zh,
			);
			mainGroup = 0814A6D825C71ED500560267;
			productRefGroup = 0814A6E225C71ED500560267 /* Products */;
			projectDirPath = "";
			projectRoot = "";
			targets = (
				0814A6E025C71ED500560267 /* LocalizationTask2 */,
			);
		};
/* End PBXProject section */

/* Begin PBXResourcesBuildPhase section */
		0814A6DF25C71ED500560267 /* Resources */ = {
			isa = PBXResourcesBuildPhase;
			buildActionMask = 2147483647;
			files = (
				0814A6F125C71ED900560267 /* LaunchScreen.storyboard in Resources */,
				0814A6FE25C720D200560267 /* Localizable.strings in Resources */,
				0814A6EE25C71ED900560267 /* Preview Assets.xcassets in Resources */,
				0814A6EB25C71ED900560267 /* Assets.xcassets in Resources */,
			);
			runOnlyForDeploymentPostprocessing = 0;
		};
/* End PBXResourcesBuildPhase section */

/* Begin PBXSourcesBuildPhase section */
		0814A6DD25C71ED500560267 /* Sources */ = {
			isa = PBXSourcesBuildPhase;
			buildActionMask = 2147483647;
			files = (
				0814A6E525C71ED500560267 /* AppDelegate.swift in Sources */,
				0814A70825C7218800560267 /* Language.swift in Sources */,
				0814A6E725C71ED500560267 /* SceneDelegate.swift in Sources */,
				0814A6E925C71ED500560267 /* ContentView.swift in Sources */,
			);
			runOnlyForDeploymentPostprocessing = 0;
		};
/* End PBXSourcesBuildPhase section */

/* Begin PBXVariantGroup section */
		0814A6EF25C71ED900560267 /* LaunchScreen.storyboard */ = {
			isa = PBXVariantGroup;
			children = (
				0814A6F025C71ED900560267 /* Base */,
				0814A70225C720F700560267 /* ko */,
				0814A70525C7212000560267 /* zh */,
			);
			name = LaunchScreen.storyboard;
			sourceTree = "<group>";
		};
		0814A70025C720D200560267 /* Localizable.strings */ = {
			isa = PBXVariantGroup;
			children = (
				0814A6FF25C720D200560267 /* en */,
				0814A70325C720F700560267 /* ko */,
				0814A70625C7212000560267 /* zh */,
			);
			name = Localizable.strings;
			sourceTree = "<group>";
		};
/* End PBXVariantGroup section */

/* Begin XCBuildConfiguration section */
		0814A6F325C71ED900560267 /* Debug */ = {
			isa = XCBuildConfiguration;
			buildSettings = {
				ALWAYS_SEARCH_USER_PATHS = NO;
				CLANG_ANALYZER_LOCALIZABILITY_NONLOCALIZED = YES;
				CLANG_ANALYZER_NONNULL = YES;
				CLANG_ANALYZER_NUMBER_OBJECT_CONVERSION = YES_AGGRESSIVE;
				CLANG_CXX_LANGUAGE_STANDARD = "gnu++14";
				CLANG_CXX_LIBRARY = "libc++";
				CLANG_ENABLE_MODULES = YES;
				CLANG_ENABLE_OBJC_ARC = YES;
				CLANG_ENABLE_OBJC_WEAK = YES;
				CLANG_WARN_BLOCK_CAPTURE_AUTORELEASING = YES;
				CLANG_WARN_BOOL_CONVERSION = YES;
				CLANG_WARN_COMMA = YES;
				CLANG_WARN_CONSTANT_CONVERSION = YES;
				CLANG_WARN_DEPRECATED_OBJC_IMPLEMENTATIONS = YES;
				CLANG_WARN_DIRECT_OBJC_ISA_USAGE = YES_ERROR;
				CLANG_WARN_DOCUMENTATION_COMMENTS = YES;
				CLANG_WARN_EMPTY_BODY = YES;
				CLANG_WARN_ENUM_CONVERSION = YES;
				CLANG_WARN_INFINITE_RECURSION = YES;
				CLANG_WARN_INT_CONVERSION = YES;
				CLANG_WARN_NON_LITERAL_NULL_CONVERSION = YES;
				CLANG_WARN_OBJC_IMPLICIT_RETAIN_SELF = YES;
				CLANG_WARN_OBJC_LITERAL_CONVERSION = YES;
				CLANG_WARN_OBJC_ROOT_CLASS = YES_ERROR;
				CLANG_WARN_QUOTED_INCLUDE_IN_FRAMEWORK_HEADER = YES;
				CLANG_WARN_RANGE_LOOP_ANALYSIS = YES;
				CLANG_WARN_STRICT_PROTOTYPES = YES;
				CLANG_WARN_SUSPICIOUS_MOVE = YES;
				CLANG_WARN_UNGUARDED_AVAILABILITY = YES_AGGRESSIVE;
				CLANG_WARN_UNREACHABLE_CODE = YES;
				CLANG_WARN__DUPLICATE_METHOD_MATCH = YES;
				COPY_PHASE_STRIP = NO;
				DEBUG_INFORMATION_FORMAT = dwarf;
				ENABLE_STRICT_OBJC_MSGSEND = YES;
				ENABLE_TESTABILITY = YES;
				GCC_C_LANGUAGE_STANDARD = gnu11;
				GCC_DYNAMIC_NO_PIC = NO;
				GCC_NO_COMMON_BLOCKS = YES;
				GCC_OPTIMIZATION_LEVEL = 0;
				GCC_PREPROCESSOR_DEFINITIONS = (
					"DEBUG=1",
					"$(inherited)",
				);
				GCC_WARN_64_TO_32_BIT_CONVERSION = YES;
				GCC_WARN_ABOUT_RETURN_TYPE = YES_ERROR;
				GCC_WARN_UNDECLARED_SELECTOR = YES;
				GCC_WARN_UNINITIALIZED_AUTOS = YES_AGGRESSIVE;
				GCC_WARN_UNUSED_FUNCTION = YES;
				GCC_WARN_UNUSED_VARIABLE = YES;
				IPHONEOS_DEPLOYMENT_TARGET = 14.3;
				MTL_ENABLE_DEBUG_INFO = INCLUDE_SOURCE;
				MTL_FAST_MATH = YES;
				ONLY_ACTIVE_ARCH = YES;
				SDKROOT = iphoneos;
				SWIFT_ACTIVE_COMPILATION_CONDITIONS = DEBUG;
				SWIFT_OPTIMIZATION_LEVEL = "-Onone";
			};
			name = Debug;
		};
		0814A6F425C71ED900560267 /* Release */ = {
			isa = XCBuildConfiguration;
			buildSettings = {
				ALWAYS_SEARCH_USER_PATHS = NO;
				CLANG_ANALYZER_LOCALIZABILITY_NONLOCALIZED = YES;
				CLANG_ANALYZER_NONNULL = YES;
				CLANG_ANALYZER_NUMBER_OBJECT_CONVERSION = YES_AGGRESSIVE;
				CLANG_CXX_LANGUAGE_STANDARD = "gnu++14";
				CLANG_CXX_LIBRARY = "libc++";
				CLANG_ENABLE_MODULES = YES;
				CLANG_ENABLE_OBJC_ARC = YES;
				CLANG_ENABLE_OBJC_WEAK = YES;
				CLANG_WARN_BLOCK_CAPTURE_AUTORELEASING = YES;
				CLANG_WARN_BOOL_CONVERSION = YES;
				CLANG_WARN_COMMA = YES;
				CLANG_WARN_CONSTANT_CONVERSION = YES;
				CLANG_WARN_DEPRECATED_OBJC_IMPLEMENTATIONS = YES;
				CLANG_WARN_DIRECT_OBJC_ISA_USAGE = YES_ERROR;
				CLANG_WARN_DOCUMENTATION_COMMENTS = YES;
				CLANG_WARN_EMPTY_BODY = YES;
				CLANG_WARN_ENUM_CONVERSION = YES;
				CLANG_WARN_INFINITE_RECURSION = YES;
				CLANG_WARN_INT_CONVERSION = YES;
				CLANG_WARN_NON_LITERAL_NULL_CONVERSION = YES;
				CLANG_WARN_OBJC_IMPLICIT_RETAIN_SELF = YES;
				CLANG_WARN_OBJC_LITERAL_CONVERSION = YES;
				CLANG_WARN_OBJC_ROOT_CLASS = YES_ERROR;
				CLANG_WARN_QUOTED_INCLUDE_IN_FRAMEWORK_HEADER = YES;
				CLANG_WARN_RANGE_LOOP_ANALYSIS = YES;
				CLANG_WARN_STRICT_PROTOTYPES = YES;
				CLANG_WARN_SUSPICIOUS_MOVE = YES;
				CLANG_WARN_UNGUARDED_AVAILABILITY = YES_AGGRESSIVE;
				CLANG_WARN_UNREACHABLE_CODE = YES;
				CLANG_WARN__DUPLICATE_METHOD_MATCH = YES;
				COPY_PHASE_STRIP = NO;
				DEBUG_INFORMATION_FORMAT = "dwarf-with-dsym";
				ENABLE_NS_ASSERTIONS = NO;
				ENABLE_STRICT_OBJC_MSGSEND = YES;
				GCC_C_LANGUAGE_STANDARD = gnu11;
				GCC_NO_COMMON_BLOCKS = YES;
				GCC_WARN_64_TO_32_BIT_CONVERSION = YES;
				GCC_WARN_ABOUT_RETURN_TYPE = YES_ERROR;
				GCC_WARN_UNDECLARED_SELECTOR = YES;
				GCC_WARN_UNINITIALIZED_AUTOS = YES_AGGRESSIVE;
				GCC_WARN_UNUSED_FUNCTION = YES;
				GCC_WARN_UNUSED_VARIABLE = YES;
				IPHONEOS_DEPLOYMENT_TARGET = 14.3;
				MTL_ENABLE_DEBUG_INFO = NO;
				MTL_FAST_MATH = YES;
				SDKROOT = iphoneos;
				SWIFT_COMPILATION_MODE = wholemodule;
				SWIFT_OPTIMIZATION_LEVEL = "-O";
				VALIDATE_PRODUCT = YES;
			};
			name = Release;
		};
		0814A6F625C71ED900560267 /* Debug */ = {
			isa = XCBuildConfiguration;
			buildSettings = {
				ASSETCATALOG_COMPILER_APPICON_NAME = AppIcon;
				ASSETCATALOG_COMPILER_GLOBAL_ACCENT_COLOR_NAME = AccentColor;
				CODE_SIGN_STYLE = Automatic;
				DEVELOPMENT_ASSET_PATHS = "\"LocalizationTask2/Preview Content\"";
				DEVELOPMENT_TEAM = ZBCH42888L;
				ENABLE_PREVIEWS = YES;
				INFOPLIST_FILE = LocalizationTask2/Info.plist;
				LD_RUNPATH_SEARCH_PATHS = (
					"$(inherited)",
					"@executable_path/Frameworks",
				);
				PRODUCT_BUNDLE_IDENTIFIER = swift.LocalizationTask2;
				PRODUCT_NAME = "$(TARGET_NAME)";
				SWIFT_VERSION = 5.0;
				TARGETED_DEVICE_FAMILY = "1,2";
			};
			name = Debug;
		};
		0814A6F725C71ED900560267 /* Release */ = {
			isa = XCBuildConfiguration;
			buildSettings = {
				ASSETCATALOG_COMPILER_APPICON_NAME = AppIcon;
				ASSETCATALOG_COMPILER_GLOBAL_ACCENT_COLOR_NAME = AccentColor;
				CODE_SIGN_STYLE = Automatic;
				DEVELOPMENT_ASSET_PATHS = "\"LocalizationTask2/Preview Content\"";
				DEVELOPMENT_TEAM = ZBCH42888L;
				ENABLE_PREVIEWS = YES;
				INFOPLIST_FILE = LocalizationTask2/Info.plist;
				LD_RUNPATH_SEARCH_PATHS = (
					"$(inherited)",
					"@executable_path/Frameworks",
				);
				PRODUCT_BUNDLE_IDENTIFIER = swift.LocalizationTask2;
				PRODUCT_NAME = "$(TARGET_NAME)";
				SWIFT_VERSION = 5.0;
				TARGETED_DEVICE_FAMILY = "1,2";
			};
			name = Release;
		};
/* End XCBuildConfiguration section */

/* Begin XCConfigurationList section */
		0814A6DC25C71ED500560267 /* Build configuration list for PBXProject "LocalizationTask2" */ = {
			isa = XCConfigurationList;
			buildConfigurations = (
				0814A6F325C71ED900560267 /* Debug */,
				0814A6F425C71ED900560267 /* Release */,
			);
			defaultConfigurationIsVisible = 0;
			defaultConfigurationName = Release;
		};
		0814A6F525C71ED900560267 /* Build configuration list for PBXNativeTarget "LocalizationTask2" */ = {
			isa = XCConfigurationList;
			buildConfigurations = (
				0814A6F625C71ED900560267 /* Debug */,
				0814A6F725C71ED900560267 /* Release */,
			);
			defaultConfigurationIsVisible = 0;
			defaultConfigurationName = Release;
		};
/* End XCConfigurationList section */
	};
	rootObject = 0814A6D925C71ED500560267 /* Project object */;
}
